
Microsoft Visual Studio Solution File, Format Version 12.00
# Visual Studio Version 17
VisualStudioVersion = 17.3.32929.385
MinimumVisualStudioVersion = 10.0.40219.1
Project("{9A19103F-16F7-4668-BE54-9A1E7A4F7556}") = "Tests", "Tests\Tests.csproj", "{67EED115-24C3-406A-B8B1-0BC07A702B22}"
EndProject
Project("{9A19103F-16F7-4668-BE54-9A1E7A4F7556}") = "Controls", "Controls\Controls.csproj", "{AC0C2691-3F29-4A10-8065-ECA2AFB8C43B}"
EndProject
Project("{9A19103F-16F7-4668-BE54-9A1E7A4F7556}") = "PageObjects", "PageObjects\PageObjects.csproj", "{CE80C29C-56C2-415F-BFD8-0D31EBC59907}"
EndProject
Project("{9A19103F-16F7-4668-BE54-9A1E7A4F7556}") = "Helpers", "Helpers\Helpers.csproj", "{FDD91736-320C-495E-851A-A9DA2A4CF1E6}"
EndProject
Project("{FAE04EC0-301F-11D3-BF4B-00C04F79EFBC}") = "DriverManager", "DriverManager\DriverManager.csproj", "{150C013A-3DFE-47B4-A5C1-2E63AF93B799}"
EndProject
Global
	GlobalSection(SolutionConfigurationPlatforms) = preSolution
		Debug|Any CPU = Debug|Any CPU
		Release|Any CPU = Release|Any CPU
	EndGlobalSection
	GlobalSection(ProjectConfigurationPlatforms) = postSolution
		{67EED115-24C3-406A-B8B1-0BC07A702B22}.Debug|Any CPU.ActiveCfg = Debug|Any CPU
		{67EED115-24C3-406A-B8B1-0BC07A702B22}.Debug|Any CPU.Build.0 = Debug|Any CPU
		{67EED115-24C3-406A-B8B1-0BC07A702B22}.Release|Any CPU.ActiveCfg = Release|Any CPU
		{67EED115-24C3-406A-B8B1-0BC07A702B22}.Release|Any CPU.Build.0 = Release|Any CPU
		{AC0C2691-3F29-4A10-8065-ECA2AFB8C43B}.Debug|Any CPU.ActiveCfg = Debug|Any CPU
		{AC0C2691-3F29-4A10-8065-ECA2AFB8C43B}.Debug|Any CPU.Build.0 = Debug|Any CPU
		{AC0C2691-3F29-4A10-8065-ECA2AFB8C43B}.Release|Any CPU.ActiveCfg = Release|Any CPU
		{AC0C2691-3F29-4A10-8065-ECA2AFB8C43B}.Release|Any CPU.Build.0 = Release|Any CPU
		{CE80C29C-56C2-415F-BFD8-0D31EBC59907}.Debug|Any CPU.ActiveCfg = Debug|Any CPU
		{CE80C29C-56C2-415F-BFD8-0D31EBC59907}.Debug|Any CPU.Build.0 = Debug|Any CPU
		{CE80C29C-56C2-415F-BFD8-0D31EBC59907}.Release|Any CPU.ActiveCfg = Release|Any CPU
		{CE80C29C-56C2-415F-BFD8-0D31EBC59907}.Release|Any CPU.Build.0 = Release|Any CPU
		{FDD91736-320C-495E-851A-A9DA2A4CF1E6}.Debug|Any CPU.ActiveCfg = Debug|Any CPU
		{FDD91736-320C-495E-851A-A9DA2A4CF1E6}.Debug|Any CPU.Build.0 = Debug|Any CPU
		{FDD91736-320C-495E-851A-A9DA2A4CF1E6}.Release|Any CPU.ActiveCfg = Release|Any CPU
		{FDD91736-320C-495E-851A-A9DA2A4CF1E6}.Release|Any CPU.Build.0 = Release|Any CPU
		{150C013A-3DFE-47B4-A5C1-2E63AF93B799}.Debug|Any CPU.ActiveCfg = Debug|Any CPU
		{150C013A-3DFE-47B4-A5C1-2E63AF93B799}.Debug|Any CPU.Build.0 = Debug|Any CPU
		{150C013A-3DFE-47B4-A5C1-2E63AF93B799}.Release|Any CPU.ActiveCfg = Release|Any CPU
		{150C013A-3DFE-47B4-A5C1-2E63AF93B799}.Release|Any CPU.Build.0 = Release|Any CPU
	EndGlobalSection
	GlobalSection(SolutionProperties) = preSolution
		HideSolutionNode = FALSE
	EndGlobalSection
	GlobalSection(ExtensibilityGlobals) = postSolution
		SolutionGuid = {2BE113CC-14D6-480F-91A4-B524A5135D2C}
	EndGlobalSection
EndGlobal
